
Microsoft Visual Studio Solution File, Format Version 12.00
# Visual Studio 14
VisualStudioVersion = 14.0.25123.0
MinimumVisualStudioVersion = 10.0.40219.1
Project("{F184B08F-C81C-45F6-A57F-5ABD9991F28F}") = "Accumulation and Loops", "Accumulation and Loops\Accumulation and Loops.vbproj", "{CABD619A-F805-4523-B7A5-E977D32AB7CC}"
EndProject
Global
	GlobalSection(SolutionConfigurationPlatforms) = preSolution
		Debug|Any CPU = Debug|Any CPU
		Release|Any CPU = Release|Any CPU
	EndGlobalSection
	GlobalSection(ProjectConfigurationPlatforms) = postSolution
		{CABD619A-F805-4523-B7A5-E977D32AB7CC}.Debug|Any CPU.ActiveCfg = Debug|Any CPU
		{CABD619A-F805-4523-B7A5-E977D32AB7CC}.Debug|Any CPU.Build.0 = Debug|Any CPU
		{CABD619A-F805-4523-B7A5-E977D32AB7CC}.Release|Any CPU.ActiveCfg = Release|Any CPU
		{CABD619A-F805-4523-B7A5-E977D32AB7CC}.Release|Any CPU.Build.0 = Release|Any CPU
	EndGlobalSection
	GlobalSection(SolutionProperties) = preSolution
		HideSolutionNode = FALSE
	EndGlobalSection
EndGlobal
